// !$*UTF8*$!
{
	archiveVersion = 1;
	classes = {
	};
	objectVersion = 56;
	objects = {

/* Begin PBXBuildFile section */
		936A76C72A2855C0009A6CDA /* AppDelegate.swift in Sources */ = {isa = PBXBuildFile; fileRef = 936A76C62A2855C0009A6CDA /* AppDelegate.swift */; };
		936A76C92A2855C0009A6CDA /* SceneDelegate.swift in Sources */ = {isa = PBXBuildFile; fileRef = 936A76C82A2855C0009A6CDA /* SceneDelegate.swift */; };
		936A76CB2A2855C0009A6CDA /* ViewController.swift in Sources */ = {isa = PBXBuildFile; fileRef = 936A76CA2A2855C0009A6CDA /* ViewController.swift */; };
		936A76CE2A2855C0009A6CDA /* Main.storyboard in Resources */ = {isa = PBXBuildFile; fileRef = 936A76CC2A2855C0009A6CDA /* Main.storyboard */; };
		936A76D02A2855C2009A6CDA /* Assets.xcassets in Resources */ = {isa = PBXBuildFile; fileRef = 936A76CF2A2855C2009A6CDA /* Assets.xcassets */; };
		936A76D32A2855C2009A6CDA /* LaunchScreen.storyboard in Resources */ = {isa = PBXBuildFile; fileRef = 936A76D12A2855C2009A6CDA /* LaunchScreen.storyboard */; };
		936A76DE2A285E81009A6CDA /* OpenAISwift in Frameworks */ = {isa = PBXBuildFile; productRef = 936A76DD2A285E81009A6CDA /* OpenAISwift */; };
		936A76E02A285EE2009A6CDA /* OpenAPIManager.swift in Sources */ = {isa = PBXBuildFile; fileRef = 936A76DF2A285EE2009A6CDA /* OpenAPIManager.swift */; };
		936A76E22A286188009A6CDA /* Bundle+Extension.swift in Sources */ = {isa = PBXBuildFile; fileRef = 936A76E12A286188009A6CDA /* Bundle+Extension.swift */; };
		936A76E52A28821F009A6CDA /* SpeechRecognitionService.swift in Sources */ = {isa = PBXBuildFile; fileRef = 936A76E42A28821F009A6CDA /* SpeechRecognitionService.swift */; };
		936A76E72A28832A009A6CDA /* SpeechRecognitionManager.swift in Sources */ = {isa = PBXBuildFile; fileRef = 936A76E62A28832A009A6CDA /* SpeechRecognitionManager.swift */; };
/* End PBXBuildFile section */

/* Begin PBXFileReference section */
		936A76C32A2855C0009A6CDA /* NewWorldOrder.app */ = {isa = PBXFileReference; explicitFileType = wrapper.application; includeInIndex = 0; path = NewWorldOrder.app; sourceTree = BUILT_PRODUCTS_DIR; };
		936A76C62A2855C0009A6CDA /* AppDelegate.swift */ = {isa = PBXFileReference; lastKnownFileType = sourcecode.swift; path = AppDelegate.swift; sourceTree = "<group>"; };
		936A76C82A2855C0009A6CDA /* SceneDelegate.swift */ = {isa = PBXFileReference; lastKnownFileType = sourcecode.swift; path = SceneDelegate.swift; sourceTree = "<group>"; };
		936A76CA2A2855C0009A6CDA /* ViewController.swift */ = {isa = PBXFileReference; lastKnownFileType = sourcecode.swift; path = ViewController.swift; sourceTree = "<group>"; };
		936A76CD2A2855C0009A6CDA /* Base */ = {isa = PBXFileReference; lastKnownFileType = file.storyboard; name = Base; path = Base.lproj/Main.storyboard; sourceTree = "<group>"; };
		936A76CF2A2855C2009A6CDA /* Assets.xcassets */ = {isa = PBXFileReference; lastKnownFileType = folder.assetcatalog; path = Assets.xcassets; sourceTree = "<group>"; };
		936A76D22A2855C2009A6CDA /* Base */ = {isa = PBXFileReference; lastKnownFileType = file.storyboard; name = Base; path = Base.lproj/LaunchScreen.storyboard; sourceTree = "<group>"; };
		936A76D42A2855C2009A6CDA /* Info.plist */ = {isa = PBXFileReference; lastKnownFileType = text.plist.xml; path = Info.plist; sourceTree = "<group>"; };
		936A76DF2A285EE2009A6CDA /* OpenAPIManager.swift */ = {isa = PBXFileReference; lastKnownFileType = sourcecode.swift; path = OpenAPIManager.swift; sourceTree = "<group>"; };
		936A76E12A286188009A6CDA /* Bundle+Extension.swift */ = {isa = PBXFileReference; lastKnownFileType = sourcecode.swift; path = "Bundle+Extension.swift"; sourceTree = "<group>"; };
		936A76E42A28821F009A6CDA /* SpeechRecognitionService.swift */ = {isa = PBXFileReference; lastKnownFileType = sourcecode.swift; path = SpeechRecognitionService.swift; sourceTree = "<group>"; };
		936A76E62A28832A009A6CDA /* SpeechRecognitionManager.swift */ = {isa = PBXFileReference; lastKnownFileType = sourcecode.swift; path = SpeechRecognitionManager.swift; sourceTree = "<group>"; };
/* End PBXFileReference section */

/* Begin PBXFrameworksBuildPhase section */
		936A76C02A2855C0009A6CDA /* Frameworks */ = {
			isa = PBXFrameworksBuildPhase;
			buildActionMask = 2147483647;
			files = (
				936A76DE2A285E81009A6CDA /* OpenAISwift in Frameworks */,
			);
			runOnlyForDeploymentPostprocessing = 0;
		};
/* End PBXFrameworksBuildPhase section */

/* Begin PBXGroup section */
		936A76BA2A2855C0009A6CDA = {
			isa = PBXGroup;
			children = (
				936A76C52A2855C0009A6CDA /* NewWorldOrder */,
				936A76C42A2855C0009A6CDA /* Products */,
			);
			sourceTree = "<group>";
		};
		936A76C42A2855C0009A6CDA /* Products */ = {
			isa = PBXGroup;
			children = (
				936A76C32A2855C0009A6CDA /* NewWorldOrder.app */,
			);
			name = Products;
			sourceTree = "<group>";
		};
		936A76C52A2855C0009A6CDA /* NewWorldOrder */ = {
			isa = PBXGroup;
			children = (
				936A76C62A2855C0009A6CDA /* AppDelegate.swift */,
				936A76C82A2855C0009A6CDA /* SceneDelegate.swift */,
				936A76CA2A2855C0009A6CDA /* ViewController.swift */,
				936A76E32A288205009A6CDA /* Service */,
				936A76E12A286188009A6CDA /* Bundle+Extension.swift */,
				936A76CC2A2855C0009A6CDA /* Main.storyboard */,
				936A76CF2A2855C2009A6CDA /* Assets.xcassets */,
				936A76D12A2855C2009A6CDA /* LaunchScreen.storyboard */,
				936A76D42A2855C2009A6CDA /* Info.plist */,
			);
			path = NewWorldOrder;
			sourceTree = "<group>";
		};
		936A76E32A288205009A6CDA /* Service */ = {
			isa = PBXGroup;
			children = (
				936A76DF2A285EE2009A6CDA /* OpenAPIManager.swift */,
				936A76E42A28821F009A6CDA /* SpeechRecognitionService.swift */,
				936A76E62A28832A009A6CDA /* SpeechRecognitionManager.swift */,
			);
			path = Service;
			sourceTree = "<group>";
		};
/* End PBXGroup section */

/* Begin PBXNativeTarget section */
		936A76C22A2855C0009A6CDA /* NewWorldOrder */ = {
			isa = PBXNativeTarget;
			buildConfigurationList = 936A76D72A2855C2009A6CDA /* Build configuration list for PBXNativeTarget "NewWorldOrder" */;
			buildPhases = (
				936A76BF2A2855C0009A6CDA /* Sources */,
				936A76C02A2855C0009A6CDA /* Frameworks */,
				936A76C12A2855C0009A6CDA /* Resources */,
			);
			buildRules = (
			);
			dependencies = (
			);
			name = NewWorldOrder;
			packageProductDependencies = (
				936A76DD2A285E81009A6CDA /* OpenAISwift */,
			);
			productName = NewWorldOrder;
			productReference = 936A76C32A2855C0009A6CDA /* NewWorldOrder.app */;
			productType = "com.apple.product-type.application";
		};
/* End PBXNativeTarget section */

/* Begin PBXProject section */
		936A76BB2A2855C0009A6CDA /* Project object */ = {
			isa = PBXProject;
			attributes = {
				BuildIndependentTargetsInParallel = 1;
				LastSwiftUpdateCheck = 1420;
				LastUpgradeCheck = 1420;
				TargetAttributes = {
					936A76C22A2855C0009A6CDA = {
						CreatedOnToolsVersion = 14.2;
					};
				};
			};
			buildConfigurationList = 936A76BE2A2855C0009A6CDA /* Build configuration list for PBXProject "NewWorldOrder" */;
			compatibilityVersion = "Xcode 14.0";
			developmentRegion = en;
			hasScannedForEncodings = 0;
			knownRegions = (
				en,
				Base,
			);
			mainGroup = 936A76BA2A2855C0009A6CDA;
			packageReferences = (
				936A76DC2A285E81009A6CDA /* XCRemoteSwiftPackageReference "OpenAISwift" */,
			);
			productRefGroup = 936A76C42A2855C0009A6CDA /* Products */;
			projectDirPath = "";
			projectRoot = "";
			targets = (
				936A76C22A2855C0009A6CDA /* NewWorldOrder */,
			);
		};
/* End PBXProject section */

/* Begin PBXResourcesBuildPhase section */
		936A76C12A2855C0009A6CDA /* Resources */ = {
			isa = PBXResourcesBuildPhase;
			buildActionMask = 2147483647;
			files = (
				936A76D32A2855C2009A6CDA /* LaunchScreen.storyboard in Resources */,
				936A76D02A2855C2009A6CDA /* Assets.xcassets in Resources */,
				936A76CE2A2855C0009A6CDA /* Main.storyboard in Resources */,
			);
			runOnlyForDeploymentPostprocessing = 0;
		};
/* End PBXResourcesBuildPhase section */

/* Begin PBXSourcesBuildPhase section */
		936A76BF2A2855C0009A6CDA /* Sources */ = {
			isa = PBXSourcesBuildPhase;
			buildActionMask = 2147483647;
			files = (
				936A76CB2A2855C0009A6CDA /* ViewController.swift in Sources */,
				936A76E72A28832A009A6CDA /* SpeechRecognitionManager.swift in Sources */,
				936A76E52A28821F009A6CDA /* SpeechRecognitionService.swift in Sources */,
				936A76E22A286188009A6CDA /* Bundle+Extension.swift in Sources */,
				936A76C72A2855C0009A6CDA /* AppDelegate.swift in Sources */,
				936A76E02A285EE2009A6CDA /* OpenAPIManager.swift in Sources */,
				936A76C92A2855C0009A6CDA /* SceneDelegate.swift in Sources */,
			);
			runOnlyForDeploymentPostprocessing = 0;
		};
/* End PBXSourcesBuildPhase section */

/* Begin PBXVariantGroup section */
		936A76CC2A2855C0009A6CDA /* Main.storyboard */ = {
			isa = PBXVariantGroup;
			children = (
				936A76CD2A2855C0009A6CDA /* Base */,
			);
			name = Main.storyboard;
			sourceTree = "<group>";
		};
		936A76D12A2855C2009A6CDA /* LaunchScreen.storyboard */ = {
			isa = PBXVariantGroup;
			children = (
				936A76D22A2855C2009A6CDA /* Base */,
			);
			name = LaunchScreen.storyboard;
			sourceTree = "<group>";
		};
/* End PBXVariantGroup section */

/* Begin XCBuildConfiguration section */
		936A76D52A2855C2009A6CDA /* Debug */ = {
			isa = XCBuildConfiguration;
			buildSettings = {
				ALWAYS_SEARCH_USER_PATHS = NO;
				CLANG_ANALYZER_NONNULL = YES;
				CLANG_ANALYZER_NUMBER_OBJECT_CONVERSION = YES_AGGRESSIVE;
				CLANG_CXX_LANGUAGE_STANDARD = "gnu++20";
				CLANG_ENABLE_MODULES = YES;
				CLANG_ENABLE_OBJC_ARC = YES;
				CLANG_ENABLE_OBJC_WEAK = YES;
				CLANG_WARN_BLOCK_CAPTURE_AUTORELEASING = YES;
				CLANG_WARN_BOOL_CONVERSION = YES;
				CLANG_WARN_COMMA = YES;
				CLANG_WARN_CONSTANT_CONVERSION = YES;
				CLANG_WARN_DEPRECATED_OBJC_IMPLEMENTATIONS = YES;
				CLANG_WARN_DIRECT_OBJC_ISA_USAGE = YES_ERROR;
				CLANG_WARN_DOCUMENTATION_COMMENTS = YES;
				CLANG_WARN_EMPTY_BODY = YES;
				CLANG_WARN_ENUM_CONVERSION = YES;
				CLANG_WARN_INFINITE_RECURSION = YES;
				CLANG_WARN_INT_CONVERSION = YES;
				CLANG_WARN_NON_LITERAL_NULL_CONVERSION = YES;
				CLANG_WARN_OBJC_IMPLICIT_RETAIN_SELF = YES;
				CLANG_WARN_OBJC_LITERAL_CONVERSION = YES;
				CLANG_WARN_OBJC_ROOT_CLASS = YES_ERROR;
				CLANG_WARN_QUOTED_INCLUDE_IN_FRAMEWORK_HEADER = YES;
				CLANG_WARN_RANGE_LOOP_ANALYSIS = YES;
				CLANG_WARN_STRICT_PROTOTYPES = YES;
				CLANG_WARN_SUSPICIOUS_MOVE = YES;
				CLANG_WARN_UNGUARDED_AVAILABILITY = YES_AGGRESSIVE;
				CLANG_WARN_UNREACHABLE_CODE = YES;
				CLANG_WARN__DUPLICATE_METHOD_MATCH = YES;
				COPY_PHASE_STRIP = NO;
				DEBUG_INFORMATION_FORMAT = dwarf;
				ENABLE_STRICT_OBJC_MSGSEND = YES;
				ENABLE_TESTABILITY = YES;
				GCC_C_LANGUAGE_STANDARD = gnu11;
				GCC_DYNAMIC_NO_PIC = NO;
				GCC_NO_COMMON_BLOCKS = YES;
				GCC_OPTIMIZATION_LEVEL = 0;
				GCC_PREPROCESSOR_DEFINITIONS = (
					"DEBUG=1",
					"$(inherited)",
				);
				GCC_WARN_64_TO_32_BIT_CONVERSION = YES;
				GCC_WARN_ABOUT_RETURN_TYPE = YES_ERROR;
				GCC_WARN_UNDECLARED_SELECTOR = YES;
				GCC_WARN_UNINITIALIZED_AUTOS = YES_AGGRESSIVE;
				GCC_WARN_UNUSED_FUNCTION = YES;
				GCC_WARN_UNUSED_VARIABLE = YES;
				GPT_KEY = "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";
				IPHONEOS_DEPLOYMENT_TARGET = 16.2;
				MTL_ENABLE_DEBUG_INFO = INCLUDE_SOURCE;
				MTL_FAST_MATH = YES;
				ONLY_ACTIVE_ARCH = YES;
				SDKROOT = iphoneos;
				SWIFT_ACTIVE_COMPILATION_CONDITIONS = DEBUG;
				SWIFT_OPTIMIZATION_LEVEL = "-Onone";
			};
			name = Debug;
		};
		936A76D62A2855C2009A6CDA /* Release */ = {
			isa = XCBuildConfiguration;
			buildSettings = {
				ALWAYS_SEARCH_USER_PATHS = NO;
				CLANG_ANALYZER_NONNULL = YES;
				CLANG_ANALYZER_NUMBER_OBJECT_CONVERSION = YES_AGGRESSIVE;
				CLANG_CXX_LANGUAGE_STANDARD = "gnu++20";
				CLANG_ENABLE_MODULES = YES;
				CLANG_ENABLE_OBJC_ARC = YES;
				CLANG_ENABLE_OBJC_WEAK = YES;
				CLANG_WARN_BLOCK_CAPTURE_AUTORELEASING = YES;
				CLANG_WARN_BOOL_CONVERSION = YES;
				CLANG_WARN_COMMA = YES;
				CLANG_WARN_CONSTANT_CONVERSION = YES;
				CLANG_WARN_DEPRECATED_OBJC_IMPLEMENTATIONS = YES;
				CLANG_WARN_DIRECT_OBJC_ISA_USAGE = YES_ERROR;
				CLANG_WARN_DOCUMENTATION_COMMENTS = YES;
				CLANG_WARN_EMPTY_BODY = YES;
				CLANG_WARN_ENUM_CONVERSION = YES;
				CLANG_WARN_INFINITE_RECURSION = YES;
				CLANG_WARN_INT_CONVERSION = YES;
				CLANG_WARN_NON_LITERAL_NULL_CONVERSION = YES;
				CLANG_WARN_OBJC_IMPLICIT_RETAIN_SELF = YES;
				CLANG_WARN_OBJC_LITERAL_CONVERSION = YES;
				CLANG_WARN_OBJC_ROOT_CLASS = YES_ERROR;
				CLANG_WARN_QUOTED_INCLUDE_IN_FRAMEWORK_HEADER = YES;
				CLANG_WARN_RANGE_LOOP_ANALYSIS = YES;
				CLANG_WARN_STRICT_PROTOTYPES = YES;
				CLANG_WARN_SUSPICIOUS_MOVE = YES;
				CLANG_WARN_UNGUARDED_AVAILABILITY = YES_AGGRESSIVE;
				CLANG_WARN_UNREACHABLE_CODE = YES;
				CLANG_WARN__DUPLICATE_METHOD_MATCH = YES;
				COPY_PHASE_STRIP = NO;
				DEBUG_INFORMATION_FORMAT = "dwarf-with-dsym";
				ENABLE_NS_ASSERTIONS = NO;
				ENABLE_STRICT_OBJC_MSGSEND = YES;
				GCC_C_LANGUAGE_STANDARD = gnu11;
				GCC_NO_COMMON_BLOCKS = YES;
				GCC_WARN_64_TO_32_BIT_CONVERSION = YES;
				GCC_WARN_ABOUT_RETURN_TYPE = YES_ERROR;
				GCC_WARN_UNDECLARED_SELECTOR = YES;
				GCC_WARN_UNINITIALIZED_AUTOS = YES_AGGRESSIVE;
				GCC_WARN_UNUSED_FUNCTION = YES;
				GCC_WARN_UNUSED_VARIABLE = YES;
				GPT_KEY = "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";
				IPHONEOS_DEPLOYMENT_TARGET = 16.2;
				MTL_ENABLE_DEBUG_INFO = NO;
				MTL_FAST_MATH = YES;
				SDKROOT = iphoneos;
				SWIFT_COMPILATION_MODE = wholemodule;
				SWIFT_OPTIMIZATION_LEVEL = "-O";
				VALIDATE_PRODUCT = YES;
			};
			name = Release;
		};
		936A76D82A2855C2009A6CDA /* Debug */ = {
			isa = XCBuildConfiguration;
			buildSettings = {
				ASSETCATALOG_COMPILER_APPICON_NAME = AppIcon;
				ASSETCATALOG_COMPILER_GLOBAL_ACCENT_COLOR_NAME = AccentColor;
				CODE_SIGN_STYLE = Automatic;
				CURRENT_PROJECT_VERSION = 1;
				GENERATE_INFOPLIST_FILE = YES;
				INFOPLIST_FILE = NewWorldOrder/Info.plist;
				INFOPLIST_KEY_NSMicrophoneUsageDescription = "New World Order wants to use Microphone";
				INFOPLIST_KEY_NSSpeechRecognitionUsageDescription = "New World Order wants to use Speech Recognition";
				INFOPLIST_KEY_UIApplicationSupportsIndirectInputEvents = YES;
				INFOPLIST_KEY_UILaunchStoryboardName = LaunchScreen;
				INFOPLIST_KEY_UIMainStoryboardFile = Main;
				INFOPLIST_KEY_UISupportedInterfaceOrientations_iPad = "UIInterfaceOrientationPortrait UIInterfaceOrientationPortraitUpsideDown UIInterfaceOrientationLandscapeLeft UIInterfaceOrientationLandscapeRight";
				INFOPLIST_KEY_UISupportedInterfaceOrientations_iPhone = "UIInterfaceOrientationPortrait UIInterfaceOrientationLandscapeLeft UIInterfaceOrientationLandscapeRight";
				LD_RUNPATH_SEARCH_PATHS = (
					"$(inherited)",
					"@executable_path/Frameworks",
				);
				MARKETING_VERSION = 1.0;
				PRODUCT_BUNDLE_IDENTIFIER = com.yml.NewWorldOrder;
				PRODUCT_NAME = "$(TARGET_NAME)";
				SWIFT_EMIT_LOC_STRINGS = YES;
				SWIFT_VERSION = 5.0;
				TARGETED_DEVICE_FAMILY = "1,2";
			};
			name = Debug;
		};
		936A76D92A2855C2009A6CDA /* Release */ = {
			isa = XCBuildConfiguration;
			buildSettings = {
				ASSETCATALOG_COMPILER_APPICON_NAME = AppIcon;
				ASSETCATALOG_COMPILER_GLOBAL_ACCENT_COLOR_NAME = AccentColor;
				CODE_SIGN_STYLE = Automatic;
				CURRENT_PROJECT_VERSION = 1;
				GENERATE_INFOPLIST_FILE = YES;
				INFOPLIST_FILE = NewWorldOrder/Info.plist;
				INFOPLIST_KEY_NSMicrophoneUsageDescription = "New World Order wants to use Microphone";
				INFOPLIST_KEY_NSSpeechRecognitionUsageDescription = "New World Order wants to use Speech Recognition";
				INFOPLIST_KEY_UIApplicationSupportsIndirectInputEvents = YES;
				INFOPLIST_KEY_UILaunchStoryboardName = LaunchScreen;
				INFOPLIST_KEY_UIMainStoryboardFile = Main;
				INFOPLIST_KEY_UISupportedInterfaceOrientations_iPad = "UIInterfaceOrientationPortrait UIInterfaceOrientationPortraitUpsideDown UIInterfaceOrientationLandscapeLeft UIInterfaceOrientationLandscapeRight";
				INFOPLIST_KEY_UISupportedInterfaceOrientations_iPhone = "UIInterfaceOrientationPortrait UIInterfaceOrientationLandscapeLeft UIInterfaceOrientationLandscapeRight";
				LD_RUNPATH_SEARCH_PATHS = (
					"$(inherited)",
					"@executable_path/Frameworks",
				);
				MARKETING_VERSION = 1.0;
				PRODUCT_BUNDLE_IDENTIFIER = com.yml.NewWorldOrder;
				PRODUCT_NAME = "$(TARGET_NAME)";
				SWIFT_EMIT_LOC_STRINGS = YES;
				SWIFT_VERSION = 5.0;
				TARGETED_DEVICE_FAMILY = "1,2";
			};
			name = Release;
		};
/* End XCBuildConfiguration section */

/* Begin XCConfigurationList section */
		936A76BE2A2855C0009A6CDA /* Build configuration list for PBXProject "NewWorldOrder" */ = {
			isa = XCConfigurationList;
			buildConfigurations = (
				936A76D52A2855C2009A6CDA /* Debug */,
				936A76D62A2855C2009A6CDA /* Release */,
			);
			defaultConfigurationIsVisible = 0;
			defaultConfigurationName = Release;
		};
		936A76D72A2855C2009A6CDA /* Build configuration list for PBXNativeTarget "NewWorldOrder" */ = {
			isa = XCConfigurationList;
			buildConfigurations = (
				936A76D82A2855C2009A6CDA /* Debug */,
				936A76D92A2855C2009A6CDA /* Release */,
			);
			defaultConfigurationIsVisible = 0;
			defaultConfigurationName = Release;
		};
/* End XCConfigurationList section */

/* Begin XCRemoteSwiftPackageReference section */
		936A76DC2A285E81009A6CDA /* XCRemoteSwiftPackageReference "OpenAISwift" */ = {
			isa = XCRemoteSwiftPackageReference;
			repositoryURL = "https://github.com/adamrushy/OpenAISwift.git";
			requirement = {
				kind = upToNextMajorVersion;
				minimumVersion = 1.0.0;
			};
		};
/* End XCRemoteSwiftPackageReference section */

/* Begin XCSwiftPackageProductDependency section */
		936A76DD2A285E81009A6CDA /* OpenAISwift */ = {
			isa = XCSwiftPackageProductDependency;
			package = 936A76DC2A285E81009A6CDA /* XCRemoteSwiftPackageReference "OpenAISwift" */;
			productName = OpenAISwift;
		};
/* End XCSwiftPackageProductDependency section */
	};
	rootObject = 936A76BB2A2855C0009A6CDA /* Project object */;
}
